
Microsoft Visual Studio Solution File, Format Version 11.00
# Visual C++ Express 2010
Project("{8BC9CEB8-8B4A-11D0-8D11-00A0C91BC942}") = "buscarPautas", "buscarPautas\buscarPautas.vcxproj", "{369F05B6-080B-41A2-A58F-34153A8C2C33}"
EndProject
Global
	GlobalSection(SolutionConfigurationPlatforms) = preSolution
		Debug|Win32 = Debug|Win32
		Release|Win32 = Release|Win32
	EndGlobalSection
	GlobalSection(ProjectConfigurationPlatforms) = postSolution
		{369F05B6-080B-41A2-A58F-34153A8C2C33}.Debug|Win32.ActiveCfg = Debug|Win32
		{369F05B6-080B-41A2-A58F-34153A8C2C33}.Debug|Win32.Build.0 = Debug|Win32
		{369F05B6-080B-41A2-A58F-34153A8C2C33}.Release|Win32.ActiveCfg = Release|Win32
		{369F05B6-080B-41A2-A58F-34153A8C2C33}.Release|Win32.Build.0 = Release|Win32
	EndGlobalSection
	GlobalSection(SolutionProperties) = preSolution
		HideSolutionNode = FALSE
	EndGlobalSection
EndGlobal
